
Microsoft Visual Studio Solution File, Format Version 12.00
# Visual Studio 15
VisualStudioVersion = 15.0.28010.2016
MinimumVisualStudioVersion = 10.0.40219.1
Project("{FAE04EC0-301F-11D3-BF4B-00C04F79EFBC}") = "MongoDBCosmosDB", "MongoDBCosmosDB\MongoDBCosmosDB.csproj", "{67C45072-46DD-48A9-9C42-E99009E7794E}"
EndProject
Global
	GlobalSection(SolutionConfigurationPlatforms) = preSolution
		Debug|Any CPU = Debug|Any CPU
		Release|Any CPU = Release|Any CPU
	EndGlobalSection
	GlobalSection(ProjectConfigurationPlatforms) = postSolution
		{67C45072-46DD-48A9-9C42-E99009E7794E}.Debug|Any CPU.ActiveCfg = Debug|Any CPU
		{67C45072-46DD-48A9-9C42-E99009E7794E}.Debug|Any CPU.Build.0 = Debug|Any CPU
		{67C45072-46DD-48A9-9C42-E99009E7794E}.Release|Any CPU.ActiveCfg = Release|Any CPU
		{67C45072-46DD-48A9-9C42-E99009E7794E}.Release|Any CPU.Build.0 = Release|Any CPU
	EndGlobalSection
	GlobalSection(SolutionProperties) = preSolution
		HideSolutionNode = FALSE
	EndGlobalSection
	GlobalSection(ExtensibilityGlobals) = postSolution
		SolutionGuid = {7DE420CB-243A-4CF3-9591-2C5194C09999}
	EndGlobalSection
EndGlobal
